
Microsoft Visual Studio Solution File, Format Version 12.00
# Visual Studio Version 17
VisualStudioVersion = 17.0.31903.59
MinimumVisualStudioVersion = 10.0.40219.1
Project("{FAE04EC0-301F-11D3-BF4B-00C04F79EFBC}") = "BetterDecorator", "BetterDecorator\BetterDecorator.csproj", "{BB8B0C0A-C2FF-4F0C-A7D4-CA31E624E31D}"
EndProject
Global
	GlobalSection(SolutionConfigurationPlatforms) = preSolution
		Debug|Any CPU = Debug|Any CPU
		Release|Any CPU = Release|Any CPU
	EndGlobalSection
	GlobalSection(SolutionProperties) = preSolution
		HideSolutionNode = FALSE
	EndGlobalSection
	GlobalSection(ProjectConfigurationPlatforms) = postSolution
		{BB8B0C0A-C2FF-4F0C-A7D4-CA31E624E31D}.Debug|Any CPU.ActiveCfg = Debug|Any CPU
		{BB8B0C0A-C2FF-4F0C-A7D4-CA31E624E31D}.Debug|Any CPU.Build.0 = Debug|Any CPU
		{BB8B0C0A-C2FF-4F0C-A7D4-CA31E624E31D}.Release|Any CPU.ActiveCfg = Release|Any CPU
		{BB8B0C0A-C2FF-4F0C-A7D4-CA31E624E31D}.Release|Any CPU.Build.0 = Release|Any CPU
	EndGlobalSection
EndGlobal
